// !$*UTF8*$!
{
	archiveVersion = 1;
	classes = {
	};
	objectVersion = 51;
	objects = {

/* Begin PBXBuildFile section */
		722F95ED2358709500040CFA /* AppDelegate.swift in Sources */ = {isa = PBXBuildFile; fileRef = 722F95EC2358709500040CFA /* AppDelegate.swift */; };
		722F95F22358709500040CFA /* Main.storyboard in Resources */ = {isa = PBXBuildFile; fileRef = 722F95F02358709500040CFA /* Main.storyboard */; };
		722F95F42358709600040CFA /* Assets.xcassets in Resources */ = {isa = PBXBuildFile; fileRef = 722F95F32358709600040CFA /* Assets.xcassets */; };
		722F95F72358709600040CFA /* LaunchScreen.storyboard in Resources */ = {isa = PBXBuildFile; fileRef = 722F95F52358709600040CFA /* LaunchScreen.storyboard */; };
		722F96022358709700040CFA /* GitHubReposTests.swift in Sources */ = {isa = PBXBuildFile; fileRef = 722F96012358709700040CFA /* GitHubReposTests.swift */; };
		722F960D2358709700040CFA /* GitHubReposUITests.swift in Sources */ = {isa = PBXBuildFile; fileRef = 722F960C2358709700040CFA /* GitHubReposUITests.swift */; };
		722F9620235878C600040CFA /* RepositoriesViewController.swift in Sources */ = {isa = PBXBuildFile; fileRef = 722F961F235878C600040CFA /* RepositoriesViewController.swift */; };
		722F9622235878DB00040CFA /* RepositoriesView.swift in Sources */ = {isa = PBXBuildFile; fileRef = 722F9621235878DB00040CFA /* RepositoriesView.swift */; };
		722F9624235878F600040CFA /* RepositoriesPresenter.swift in Sources */ = {isa = PBXBuildFile; fileRef = 722F9623235878F600040CFA /* RepositoriesPresenter.swift */; };
		722F962723587BB500040CFA /* Repositories.swift in Sources */ = {isa = PBXBuildFile; fileRef = 722F962623587BB500040CFA /* Repositories.swift */; };
		722F962923587E1300040CFA /* RepositoryItem.swift in Sources */ = {isa = PBXBuildFile; fileRef = 722F962823587E1300040CFA /* RepositoryItem.swift */; };
		722F962C235881D000040CFA /* RepositoriesProtocol.swift in Sources */ = {isa = PBXBuildFile; fileRef = 722F962B235881D000040CFA /* RepositoriesProtocol.swift */; };
		722F962E235882FB00040CFA /* RepositoriesServices.swift in Sources */ = {isa = PBXBuildFile; fileRef = 722F962D235882FB00040CFA /* RepositoriesServices.swift */; };
		722F9630235897E900040CFA /* RepositoriesOwner.swift in Sources */ = {isa = PBXBuildFile; fileRef = 722F962F235897E900040CFA /* RepositoriesOwner.swift */; };
		72FE4FBF1E6184FE11150273 /* Pods_GitHubRepos.framework in Frameworks */ = {isa = PBXBuildFile; fileRef = D7D70354D410BDE638F5973B /* Pods_GitHubRepos.framework */; };
		B00B709B9022659E16088109 /* Pods_GitHubRepos_GitHubReposUITests.framework in Frameworks */ = {isa = PBXBuildFile; fileRef = 704023C5CD8500226AC596CB /* Pods_GitHubRepos_GitHubReposUITests.framework */; };
		C784EDE81C567600A6B5FC0B /* Pods_GitHubReposTests.framework in Frameworks */ = {isa = PBXBuildFile; fileRef = 947940722CCD9771C82A00F4 /* Pods_GitHubReposTests.framework */; };
/* End PBXBuildFile section */

/* Begin PBXContainerItemProxy section */
		722F95FE2358709700040CFA /* PBXContainerItemProxy */ = {
			isa = PBXContainerItemProxy;
			containerPortal = 722F95E12358709400040CFA /* Project object */;
			proxyType = 1;
			remoteGlobalIDString = 722F95E82358709500040CFA;
			remoteInfo = GitHubRepos;
		};
		722F96092358709700040CFA /* PBXContainerItemProxy */ = {
			isa = PBXContainerItemProxy;
			containerPortal = 722F95E12358709400040CFA /* Project object */;
			proxyType = 1;
			remoteGlobalIDString = 722F95E82358709500040CFA;
			remoteInfo = GitHubRepos;
		};
/* End PBXContainerItemProxy section */

/* Begin PBXFileReference section */
		0F51E02781FB87AE26681DEF /* Pods-GitHubReposTests.debug.xcconfig */ = {isa = PBXFileReference; includeInIndex = 1; lastKnownFileType = text.xcconfig; name = "Pods-GitHubReposTests.debug.xcconfig"; path = "Target Support Files/Pods-GitHubReposTests/Pods-GitHubReposTests.debug.xcconfig"; sourceTree = "<group>"; };
		1DC4957B83004CF93628FF7B /* Pods-GitHubReposTests.release.xcconfig */ = {isa = PBXFileReference; includeInIndex = 1; lastKnownFileType = text.xcconfig; name = "Pods-GitHubReposTests.release.xcconfig"; path = "Target Support Files/Pods-GitHubReposTests/Pods-GitHubReposTests.release.xcconfig"; sourceTree = "<group>"; };
		376EE09DE97833F2C62DA67C /* Pods-GitHubRepos.release.xcconfig */ = {isa = PBXFileReference; includeInIndex = 1; lastKnownFileType = text.xcconfig; name = "Pods-GitHubRepos.release.xcconfig"; path = "Target Support Files/Pods-GitHubRepos/Pods-GitHubRepos.release.xcconfig"; sourceTree = "<group>"; };
		704023C5CD8500226AC596CB /* Pods_GitHubRepos_GitHubReposUITests.framework */ = {isa = PBXFileReference; explicitFileType = wrapper.framework; includeInIndex = 0; path = Pods_GitHubRepos_GitHubReposUITests.framework; sourceTree = BUILT_PRODUCTS_DIR; };
		722F95E92358709500040CFA /* GitHubRepos.app */ = {isa = PBXFileReference; explicitFileType = wrapper.application; includeInIndex = 0; path = GitHubRepos.app; sourceTree = BUILT_PRODUCTS_DIR; };
		722F95EC2358709500040CFA /* AppDelegate.swift */ = {isa = PBXFileReference; lastKnownFileType = sourcecode.swift; path = AppDelegate.swift; sourceTree = "<group>"; };
		722F95F12358709500040CFA /* Base */ = {isa = PBXFileReference; lastKnownFileType = file.storyboard; name = Base; path = Base.lproj/Main.storyboard; sourceTree = "<group>"; };
		722F95F32358709600040CFA /* Assets.xcassets */ = {isa = PBXFileReference; lastKnownFileType = folder.assetcatalog; path = Assets.xcassets; sourceTree = "<group>"; };
		722F95F62358709600040CFA /* Base */ = {isa = PBXFileReference; lastKnownFileType = file.storyboard; name = Base; path = Base.lproj/LaunchScreen.storyboard; sourceTree = "<group>"; };
		722F95F82358709600040CFA /* Info.plist */ = {isa = PBXFileReference; lastKnownFileType = text.plist.xml; path = Info.plist; sourceTree = "<group>"; };
		722F95FD2358709700040CFA /* GitHubReposTests.xctest */ = {isa = PBXFileReference; explicitFileType = wrapper.cfbundle; includeInIndex = 0; path = GitHubReposTests.xctest; sourceTree = BUILT_PRODUCTS_DIR; };
		722F96012358709700040CFA /* GitHubReposTests.swift */ = {isa = PBXFileReference; lastKnownFileType = sourcecode.swift; path = GitHubReposTests.swift; sourceTree = "<group>"; };
		722F96032358709700040CFA /* Info.plist */ = {isa = PBXFileReference; lastKnownFileType = text.plist.xml; path = Info.plist; sourceTree = "<group>"; };
		722F96082358709700040CFA /* GitHubReposUITests.xctest */ = {isa = PBXFileReference; explicitFileType = wrapper.cfbundle; includeInIndex = 0; path = GitHubReposUITests.xctest; sourceTree = BUILT_PRODUCTS_DIR; };
		722F960C2358709700040CFA /* GitHubReposUITests.swift */ = {isa = PBXFileReference; lastKnownFileType = sourcecode.swift; path = GitHubReposUITests.swift; sourceTree = "<group>"; };
		722F960E2358709700040CFA /* Info.plist */ = {isa = PBXFileReference; lastKnownFileType = text.plist.xml; path = Info.plist; sourceTree = "<group>"; };
		722F961F235878C600040CFA /* RepositoriesViewController.swift */ = {isa = PBXFileReference; lastKnownFileType = sourcecode.swift; path = RepositoriesViewController.swift; sourceTree = "<group>"; };
		722F9621235878DB00040CFA /* RepositoriesView.swift */ = {isa = PBXFileReference; lastKnownFileType = sourcecode.swift; path = RepositoriesView.swift; sourceTree = "<group>"; };
		722F9623235878F600040CFA /* RepositoriesPresenter.swift */ = {isa = PBXFileReference; lastKnownFileType = sourcecode.swift; path = RepositoriesPresenter.swift; sourceTree = "<group>"; };
		722F962623587BB500040CFA /* Repositories.swift */ = {isa = PBXFileReference; lastKnownFileType = sourcecode.swift; path = Repositories.swift; sourceTree = "<group>"; };
		722F962823587E1300040CFA /* RepositoryItem.swift */ = {isa = PBXFileReference; lastKnownFileType = sourcecode.swift; path = RepositoryItem.swift; sourceTree = "<group>"; };
		722F962B235881D000040CFA /* RepositoriesProtocol.swift */ = {isa = PBXFileReference; lastKnownFileType = sourcecode.swift; path = RepositoriesProtocol.swift; sourceTree = "<group>"; };
		722F962D235882FB00040CFA /* RepositoriesServices.swift */ = {isa = PBXFileReference; lastKnownFileType = sourcecode.swift; path = RepositoriesServices.swift; sourceTree = "<group>"; };
		722F962F235897E900040CFA /* RepositoriesOwner.swift */ = {isa = PBXFileReference; lastKnownFileType = sourcecode.swift; path = RepositoriesOwner.swift; sourceTree = "<group>"; };
		7C4A9950F6BEF84AFBA4C588 /* Pods-GitHubRepos-GitHubReposUITests.release.xcconfig */ = {isa = PBXFileReference; includeInIndex = 1; lastKnownFileType = text.xcconfig; name = "Pods-GitHubRepos-GitHubReposUITests.release.xcconfig"; path = "Target Support Files/Pods-GitHubRepos-GitHubReposUITests/Pods-GitHubRepos-GitHubReposUITests.release.xcconfig"; sourceTree = "<group>"; };
		7DF35E5316D50C7135FE1B1B /* Pods-GitHubRepos-GitHubReposUITests.debug.xcconfig */ = {isa = PBXFileReference; includeInIndex = 1; lastKnownFileType = text.xcconfig; name = "Pods-GitHubRepos-GitHubReposUITests.debug.xcconfig"; path = "Target Support Files/Pods-GitHubRepos-GitHubReposUITests/Pods-GitHubRepos-GitHubReposUITests.debug.xcconfig"; sourceTree = "<group>"; };
		93D3EA0D4078677E547D916A /* Pods-GitHubRepos.debug.xcconfig */ = {isa = PBXFileReference; includeInIndex = 1; lastKnownFileType = text.xcconfig; name = "Pods-GitHubRepos.debug.xcconfig"; path = "Target Support Files/Pods-GitHubRepos/Pods-GitHubRepos.debug.xcconfig"; sourceTree = "<group>"; };
		947940722CCD9771C82A00F4 /* Pods_GitHubReposTests.framework */ = {isa = PBXFileReference; explicitFileType = wrapper.framework; includeInIndex = 0; path = Pods_GitHubReposTests.framework; sourceTree = BUILT_PRODUCTS_DIR; };
		D7D70354D410BDE638F5973B /* Pods_GitHubRepos.framework */ = {isa = PBXFileReference; explicitFileType = wrapper.framework; includeInIndex = 0; path = Pods_GitHubRepos.framework; sourceTree = BUILT_PRODUCTS_DIR; };
/* End PBXFileReference section */

/* Begin PBXFrameworksBuildPhase section */
		722F95E62358709500040CFA /* Frameworks */ = {
			isa = PBXFrameworksBuildPhase;
			buildActionMask = 2147483647;
			files = (
				72FE4FBF1E6184FE11150273 /* Pods_GitHubRepos.framework in Frameworks */,
			);
			runOnlyForDeploymentPostprocessing = 0;
		};
		722F95FA2358709700040CFA /* Frameworks */ = {
			isa = PBXFrameworksBuildPhase;
			buildActionMask = 2147483647;
			files = (
				C784EDE81C567600A6B5FC0B /* Pods_GitHubReposTests.framework in Frameworks */,
			);
			runOnlyForDeploymentPostprocessing = 0;
		};
		722F96052358709700040CFA /* Frameworks */ = {
			isa = PBXFrameworksBuildPhase;
			buildActionMask = 2147483647;
			files = (
				B00B709B9022659E16088109 /* Pods_GitHubRepos_GitHubReposUITests.framework in Frameworks */,
			);
			runOnlyForDeploymentPostprocessing = 0;
		};
/* End PBXFrameworksBuildPhase section */

/* Begin PBXGroup section */
		3F9BAEB75F4B15332260E2B0 /* Frameworks */ = {
			isa = PBXGroup;
			children = (
				D7D70354D410BDE638F5973B /* Pods_GitHubRepos.framework */,
				704023C5CD8500226AC596CB /* Pods_GitHubRepos_GitHubReposUITests.framework */,
				947940722CCD9771C82A00F4 /* Pods_GitHubReposTests.framework */,
			);
			name = Frameworks;
			sourceTree = "<group>";
		};
		722F95E02358709400040CFA = {
			isa = PBXGroup;
			children = (
				722F95EB2358709500040CFA /* GitHubRepos */,
				722F96002358709700040CFA /* GitHubReposTests */,
				722F960B2358709700040CFA /* GitHubReposUITests */,
				722F95EA2358709500040CFA /* Products */,
				EE72E57D3D467BFD9318B51D /* Pods */,
				3F9BAEB75F4B15332260E2B0 /* Frameworks */,
			);
			sourceTree = "<group>";
		};
		722F95EA2358709500040CFA /* Products */ = {
			isa = PBXGroup;
			children = (
				722F95E92358709500040CFA /* GitHubRepos.app */,
				722F95FD2358709700040CFA /* GitHubReposTests.xctest */,
				722F96082358709700040CFA /* GitHubReposUITests.xctest */,
			);
			name = Products;
			sourceTree = "<group>";
		};
		722F95EB2358709500040CFA /* GitHubRepos */ = {
			isa = PBXGroup;
			children = (
				722F96252358791D00040CFA /* Model */,
				722F961D235877D700040CFA /* UI */,
				722F961C235877D200040CFA /* Service */,
				722F95EC2358709500040CFA /* AppDelegate.swift */,
				722F95F02358709500040CFA /* Main.storyboard */,
				722F95F32358709600040CFA /* Assets.xcassets */,
				722F95F52358709600040CFA /* LaunchScreen.storyboard */,
				722F95F82358709600040CFA /* Info.plist */,
			);
			path = GitHubRepos;
			sourceTree = "<group>";
		};
		722F96002358709700040CFA /* GitHubReposTests */ = {
			isa = PBXGroup;
			children = (
				722F96012358709700040CFA /* GitHubReposTests.swift */,
				722F96032358709700040CFA /* Info.plist */,
			);
			path = GitHubReposTests;
			sourceTree = "<group>";
		};
		722F960B2358709700040CFA /* GitHubReposUITests */ = {
			isa = PBXGroup;
			children = (
				722F960C2358709700040CFA /* GitHubReposUITests.swift */,
				722F960E2358709700040CFA /* Info.plist */,
			);
			path = GitHubReposUITests;
			sourceTree = "<group>";
		};
		722F961C235877D200040CFA /* Service */ = {
			isa = PBXGroup;
			children = (
				722F962A2358819E00040CFA /* Repositories */,
			);
			path = Service;
			sourceTree = "<group>";
		};
		722F961D235877D700040CFA /* UI */ = {
			isa = PBXGroup;
			children = (
				722F961E235878A600040CFA /* Repositories */,
			);
			path = UI;
			sourceTree = "<group>";
		};
		722F961E235878A600040CFA /* Repositories */ = {
			isa = PBXGroup;
			children = (
				722F961F235878C600040CFA /* RepositoriesViewController.swift */,
				722F9621235878DB00040CFA /* RepositoriesView.swift */,
				722F9623235878F600040CFA /* RepositoriesPresenter.swift */,
			);
			path = Repositories;
			sourceTree = "<group>";
		};
		722F96252358791D00040CFA /* Model */ = {
			isa = PBXGroup;
			children = (
				722F962623587BB500040CFA /* Repositories.swift */,
				722F962823587E1300040CFA /* RepositoryItem.swift */,
				722F962F235897E900040CFA /* RepositoriesOwner.swift */,
			);
			path = Model;
			sourceTree = "<group>";
		};
		722F962A2358819E00040CFA /* Repositories */ = {
			isa = PBXGroup;
			children = (
				722F962B235881D000040CFA /* RepositoriesProtocol.swift */,
				722F962D235882FB00040CFA /* RepositoriesServices.swift */,
			);
			path = Repositories;
			sourceTree = "<group>";
		};
		EE72E57D3D467BFD9318B51D /* Pods */ = {
			isa = PBXGroup;
			children = (
				93D3EA0D4078677E547D916A /* Pods-GitHubRepos.debug.xcconfig */,
				376EE09DE97833F2C62DA67C /* Pods-GitHubRepos.release.xcconfig */,
				7DF35E5316D50C7135FE1B1B /* Pods-GitHubRepos-GitHubReposUITests.debug.xcconfig */,
				7C4A9950F6BEF84AFBA4C588 /* Pods-GitHubRepos-GitHubReposUITests.release.xcconfig */,
				0F51E02781FB87AE26681DEF /* Pods-GitHubReposTests.debug.xcconfig */,
				1DC4957B83004CF93628FF7B /* Pods-GitHubReposTests.release.xcconfig */,
			);
			path = Pods;
			sourceTree = "<group>";
		};
/* End PBXGroup section */

/* Begin PBXNativeTarget section */
		722F95E82358709500040CFA /* GitHubRepos */ = {
			isa = PBXNativeTarget;
			buildConfigurationList = 722F96112358709700040CFA /* Build configuration list for PBXNativeTarget "GitHubRepos" */;
			buildPhases = (
				B5BCB8E6F5EDE5188C058827 /* [CP] Check Pods Manifest.lock */,
				722F95E52358709500040CFA /* Sources */,
				722F95E62358709500040CFA /* Frameworks */,
				722F95E72358709500040CFA /* Resources */,
				998CB8114CFC66CD4C403079 /* [CP] Embed Pods Frameworks */,
			);
			buildRules = (
			);
			dependencies = (
			);
			name = GitHubRepos;
			productName = GitHubRepos;
			productReference = 722F95E92358709500040CFA /* GitHubRepos.app */;
			productType = "com.apple.product-type.application";
		};
		722F95FC2358709700040CFA /* GitHubReposTests */ = {
			isa = PBXNativeTarget;
			buildConfigurationList = 722F96142358709700040CFA /* Build configuration list for PBXNativeTarget "GitHubReposTests" */;
			buildPhases = (
				188EABB23888F016C618B360 /* [CP] Check Pods Manifest.lock */,
				722F95F92358709700040CFA /* Sources */,
				722F95FA2358709700040CFA /* Frameworks */,
				722F95FB2358709700040CFA /* Resources */,
			);
			buildRules = (
			);
			dependencies = (
				722F95FF2358709700040CFA /* PBXTargetDependency */,
			);
			name = GitHubReposTests;
			productName = GitHubReposTests;
			productReference = 722F95FD2358709700040CFA /* GitHubReposTests.xctest */;
			productType = "com.apple.product-type.bundle.unit-test";
		};
		722F96072358709700040CFA /* GitHubReposUITests */ = {
			isa = PBXNativeTarget;
			buildConfigurationList = 722F96172358709700040CFA /* Build configuration list for PBXNativeTarget "GitHubReposUITests" */;
			buildPhases = (
				47D6B4E6BE19F18F6C6B5179 /* [CP] Check Pods Manifest.lock */,
				722F96042358709700040CFA /* Sources */,
				722F96052358709700040CFA /* Frameworks */,
				722F96062358709700040CFA /* Resources */,
				F7E92BCFFC6D06F69F6126BF /* [CP] Embed Pods Frameworks */,
			);
			buildRules = (
			);
			dependencies = (
				722F960A2358709700040CFA /* PBXTargetDependency */,
			);
			name = GitHubReposUITests;
			productName = GitHubReposUITests;
			productReference = 722F96082358709700040CFA /* GitHubReposUITests.xctest */;
			productType = "com.apple.product-type.bundle.ui-testing";
		};
/* End PBXNativeTarget section */

/* Begin PBXProject section */
		722F95E12358709400040CFA /* Project object */ = {
			isa = PBXProject;
			attributes = {
				LastSwiftUpdateCheck = 1000;
				LastUpgradeCheck = 1000;
				ORGANIZATIONNAME = PedroHenrique;
				TargetAttributes = {
					722F95E82358709500040CFA = {
						CreatedOnToolsVersion = 10.0;
					};
					722F95FC2358709700040CFA = {
						CreatedOnToolsVersion = 10.0;
						TestTargetID = 722F95E82358709500040CFA;
					};
					722F96072358709700040CFA = {
						CreatedOnToolsVersion = 10.0;
						TestTargetID = 722F95E82358709500040CFA;
					};
				};
			};
			buildConfigurationList = 722F95E42358709400040CFA /* Build configuration list for PBXProject "GitHubRepos" */;
			compatibilityVersion = "Xcode 9.3";
			developmentRegion = en;
			hasScannedForEncodings = 0;
			knownRegions = (
				en,
				Base,
			);
			mainGroup = 722F95E02358709400040CFA;
			productRefGroup = 722F95EA2358709500040CFA /* Products */;
			projectDirPath = "";
			projectRoot = "";
			targets = (
				722F95E82358709500040CFA /* GitHubRepos */,
				722F95FC2358709700040CFA /* GitHubReposTests */,
				722F96072358709700040CFA /* GitHubReposUITests */,
			);
		};
/* End PBXProject section */

/* Begin PBXResourcesBuildPhase section */
		722F95E72358709500040CFA /* Resources */ = {
			isa = PBXResourcesBuildPhase;
			buildActionMask = 2147483647;
			files = (
				722F95F72358709600040CFA /* LaunchScreen.storyboard in Resources */,
				722F95F42358709600040CFA /* Assets.xcassets in Resources */,
				722F95F22358709500040CFA /* Main.storyboard in Resources */,
			);
			runOnlyForDeploymentPostprocessing = 0;
		};
		722F95FB2358709700040CFA /* Resources */ = {
			isa = PBXResourcesBuildPhase;
			buildActionMask = 2147483647;
			files = (
			);
			runOnlyForDeploymentPostprocessing = 0;
		};
		722F96062358709700040CFA /* Resources */ = {
			isa = PBXResourcesBuildPhase;
			buildActionMask = 2147483647;
			files = (
			);
			runOnlyForDeploymentPostprocessing = 0;
		};
/* End PBXResourcesBuildPhase section */

/* Begin PBXShellScriptBuildPhase section */
		188EABB23888F016C618B360 /* [CP] Check Pods Manifest.lock */ = {
			isa = PBXShellScriptBuildPhase;
			buildActionMask = 2147483647;
			files = (
			);
			inputFileListPaths = (
			);
			inputPaths = (
				"${PODS_PODFILE_DIR_PATH}/Podfile.lock",
				"${PODS_ROOT}/Manifest.lock",
			);
			name = "[CP] Check Pods Manifest.lock";
			outputFileListPaths = (
			);
			outputPaths = (
				"$(DERIVED_FILE_DIR)/Pods-GitHubReposTests-checkManifestLockResult.txt",
			);
			runOnlyForDeploymentPostprocessing = 0;
			shellPath = /bin/sh;
			shellScript = "diff \"${PODS_PODFILE_DIR_PATH}/Podfile.lock\" \"${PODS_ROOT}/Manifest.lock\" > /dev/null\nif [ $? != 0 ] ; then\n    # print error to STDERR\n    echo \"error: The sandbox is not in sync with the Podfile.lock. Run 'pod install' or update your CocoaPods installation.\" >&2\n    exit 1\nfi\n# This output is used by Xcode 'outputs' to avoid re-running this script phase.\necho \"SUCCESS\" > \"${SCRIPT_OUTPUT_FILE_0}\"\n";
			showEnvVarsInLog = 0;
		};
		47D6B4E6BE19F18F6C6B5179 /* [CP] Check Pods Manifest.lock */ = {
			isa = PBXShellScriptBuildPhase;
			buildActionMask = 2147483647;
			files = (
			);
			inputFileListPaths = (
			);
			inputPaths = (
				"${PODS_PODFILE_DIR_PATH}/Podfile.lock",
				"${PODS_ROOT}/Manifest.lock",
			);
			name = "[CP] Check Pods Manifest.lock";
			outputFileListPaths = (
			);
			outputPaths = (
				"$(DERIVED_FILE_DIR)/Pods-GitHubRepos-GitHubReposUITests-checkManifestLockResult.txt",
			);
			runOnlyForDeploymentPostprocessing = 0;
			shellPath = /bin/sh;
			shellScript = "diff \"${PODS_PODFILE_DIR_PATH}/Podfile.lock\" \"${PODS_ROOT}/Manifest.lock\" > /dev/null\nif [ $? != 0 ] ; then\n    # print error to STDERR\n    echo \"error: The sandbox is not in sync with the Podfile.lock. Run 'pod install' or update your CocoaPods installation.\" >&2\n    exit 1\nfi\n# This output is used by Xcode 'outputs' to avoid re-running this script phase.\necho \"SUCCESS\" > \"${SCRIPT_OUTPUT_FILE_0}\"\n";
			showEnvVarsInLog = 0;
		};
		998CB8114CFC66CD4C403079 /* [CP] Embed Pods Frameworks */ = {
			isa = PBXShellScriptBuildPhase;
			buildActionMask = 2147483647;
			files = (
			);
			inputFileListPaths = (
				"${PODS_ROOT}/Target Support Files/Pods-GitHubRepos/Pods-GitHubRepos-frameworks-${CONFIGURATION}-input-files.xcfilelist",
			);
			name = "[CP] Embed Pods Frameworks";
			outputFileListPaths = (
				"${PODS_ROOT}/Target Support Files/Pods-GitHubRepos/Pods-GitHubRepos-frameworks-${CONFIGURATION}-output-files.xcfilelist",
			);
			runOnlyForDeploymentPostprocessing = 0;
			shellPath = /bin/sh;
			shellScript = "\"${PODS_ROOT}/Target Support Files/Pods-GitHubRepos/Pods-GitHubRepos-frameworks.sh\"\n";
			showEnvVarsInLog = 0;
		};
		B5BCB8E6F5EDE5188C058827 /* [CP] Check Pods Manifest.lock */ = {
			isa = PBXShellScriptBuildPhase;
			buildActionMask = 2147483647;
			files = (
			);
			inputFileListPaths = (
			);
			inputPaths = (
				"${PODS_PODFILE_DIR_PATH}/Podfile.lock",
				"${PODS_ROOT}/Manifest.lock",
			);
			name = "[CP] Check Pods Manifest.lock";
			outputFileListPaths = (
			);
			outputPaths = (
				"$(DERIVED_FILE_DIR)/Pods-GitHubRepos-checkManifestLockResult.txt",
			);
			runOnlyForDeploymentPostprocessing = 0;
			shellPath = /bin/sh;
			shellScript = "diff \"${PODS_PODFILE_DIR_PATH}/Podfile.lock\" \"${PODS_ROOT}/Manifest.lock\" > /dev/null\nif [ $? != 0 ] ; then\n    # print error to STDERR\n    echo \"error: The sandbox is not in sync with the Podfile.lock. Run 'pod install' or update your CocoaPods installation.\" >&2\n    exit 1\nfi\n# This output is used by Xcode 'outputs' to avoid re-running this script phase.\necho \"SUCCESS\" > \"${SCRIPT_OUTPUT_FILE_0}\"\n";
			showEnvVarsInLog = 0;
		};
		F7E92BCFFC6D06F69F6126BF /* [CP] Embed Pods Frameworks */ = {
			isa = PBXShellScriptBuildPhase;
			buildActionMask = 2147483647;
			files = (
			);
			inputFileListPaths = (
				"${PODS_ROOT}/Target Support Files/Pods-GitHubRepos-GitHubReposUITests/Pods-GitHubRepos-GitHubReposUITests-frameworks-${CONFIGURATION}-input-files.xcfilelist",
			);
			name = "[CP] Embed Pods Frameworks";
			outputFileListPaths = (
				"${PODS_ROOT}/Target Support Files/Pods-GitHubRepos-GitHubReposUITests/Pods-GitHubRepos-GitHubReposUITests-frameworks-${CONFIGURATION}-output-files.xcfilelist",
			);
			runOnlyForDeploymentPostprocessing = 0;
			shellPath = /bin/sh;
			shellScript = "\"${PODS_ROOT}/Target Support Files/Pods-GitHubRepos-GitHubReposUITests/Pods-GitHubRepos-GitHubReposUITests-frameworks.sh\"\n";
			showEnvVarsInLog = 0;
		};
/* End PBXShellScriptBuildPhase section */

/* Begin PBXSourcesBuildPhase section */
		722F95E52358709500040CFA /* Sources */ = {
			isa = PBXSourcesBuildPhase;
			buildActionMask = 2147483647;
			files = (
				722F9622235878DB00040CFA /* RepositoriesView.swift in Sources */,
				722F962E235882FB00040CFA /* RepositoriesServices.swift in Sources */,
				722F962723587BB500040CFA /* Repositories.swift in Sources */,
				722F9620235878C600040CFA /* RepositoriesViewController.swift in Sources */,
				722F9624235878F600040CFA /* RepositoriesPresenter.swift in Sources */,
				722F962923587E1300040CFA /* RepositoryItem.swift in Sources */,
				722F962C235881D000040CFA /* RepositoriesProtocol.swift in Sources */,
				722F95ED2358709500040CFA /* AppDelegate.swift in Sources */,
				722F9630235897E900040CFA /* RepositoriesOwner.swift in Sources */,
			);
			runOnlyForDeploymentPostprocessing = 0;
		};
		722F95F92358709700040CFA /* Sources */ = {
			isa = PBXSourcesBuildPhase;
			buildActionMask = 2147483647;
			files = (
				722F96022358709700040CFA /* GitHubReposTests.swift in Sources */,
			);
			runOnlyForDeploymentPostprocessing = 0;
		};
		722F96042358709700040CFA /* Sources */ = {
			isa = PBXSourcesBuildPhase;
			buildActionMask = 2147483647;
			files = (
				722F960D2358709700040CFA /* GitHubReposUITests.swift in Sources */,
			);
			runOnlyForDeploymentPostprocessing = 0;
		};
/* End PBXSourcesBuildPhase section */

/* Begin PBXTargetDependency section */
		722F95FF2358709700040CFA /* PBXTargetDependency */ = {
			isa = PBXTargetDependency;
			target = 722F95E82358709500040CFA /* GitHubRepos */;
			targetProxy = 722F95FE2358709700040CFA /* PBXContainerItemProxy */;
		};
		722F960A2358709700040CFA /* PBXTargetDependency */ = {
			isa = PBXTargetDependency;
			target = 722F95E82358709500040CFA /* GitHubRepos */;
			targetProxy = 722F96092358709700040CFA /* PBXContainerItemProxy */;
		};
/* End PBXTargetDependency section */

/* Begin PBXVariantGroup section */
		722F95F02358709500040CFA /* Main.storyboard */ = {
			isa = PBXVariantGroup;
			children = (
				722F95F12358709500040CFA /* Base */,
			);
			name = Main.storyboard;
			sourceTree = "<group>";
		};
		722F95F52358709600040CFA /* LaunchScreen.storyboard */ = {
			isa = PBXVariantGroup;
			children = (
				722F95F62358709600040CFA /* Base */,
			);
			name = LaunchScreen.storyboard;
			sourceTree = "<group>";
		};
/* End PBXVariantGroup section */

/* Begin XCBuildConfiguration section */
		722F960F2358709700040CFA /* Debug */ = {
			isa = XCBuildConfiguration;
			buildSettings = {
				ALWAYS_SEARCH_USER_PATHS = NO;
				CLANG_ANALYZER_NONNULL = YES;
				CLANG_ANALYZER_NUMBER_OBJECT_CONVERSION = YES_AGGRESSIVE;
				CLANG_CXX_LANGUAGE_STANDARD = "gnu++14";
				CLANG_CXX_LIBRARY = "libc++";
				CLANG_ENABLE_MODULES = YES;
				CLANG_ENABLE_OBJC_ARC = YES;
				CLANG_ENABLE_OBJC_WEAK = YES;
				CLANG_WARN_BLOCK_CAPTURE_AUTORELEASING = YES;
				CLANG_WARN_BOOL_CONVERSION = YES;
				CLANG_WARN_COMMA = YES;
				CLANG_WARN_CONSTANT_CONVERSION = YES;
				CLANG_WARN_DEPRECATED_OBJC_IMPLEMENTATIONS = YES;
				CLANG_WARN_DIRECT_OBJC_ISA_USAGE = YES_ERROR;
				CLANG_WARN_DOCUMENTATION_COMMENTS = YES;
				CLANG_WARN_EMPTY_BODY = YES;
				CLANG_WARN_ENUM_CONVERSION = YES;
				CLANG_WARN_INFINITE_RECURSION = YES;
				CLANG_WARN_INT_CONVERSION = YES;
				CLANG_WARN_NON_LITERAL_NULL_CONVERSION = YES;
				CLANG_WARN_OBJC_IMPLICIT_RETAIN_SELF = YES;
				CLANG_WARN_OBJC_LITERAL_CONVERSION = YES;
				CLANG_WARN_OBJC_ROOT_CLASS = YES_ERROR;
				CLANG_WARN_RANGE_LOOP_ANALYSIS = YES;
				CLANG_WARN_STRICT_PROTOTYPES = YES;
				CLANG_WARN_SUSPICIOUS_MOVE = YES;
				CLANG_WARN_UNGUARDED_AVAILABILITY = YES_AGGRESSIVE;
				CLANG_WARN_UNREACHABLE_CODE = YES;
				CLANG_WARN__DUPLICATE_METHOD_MATCH = YES;
				CODE_SIGN_IDENTITY = "iPhone Developer";
				COPY_PHASE_STRIP = NO;
				DEBUG_INFORMATION_FORMAT = dwarf;
				ENABLE_STRICT_OBJC_MSGSEND = YES;
				ENABLE_TESTABILITY = YES;
				GCC_C_LANGUAGE_STANDARD = gnu11;
				GCC_DYNAMIC_NO_PIC = NO;
				GCC_NO_COMMON_BLOCKS = YES;
				GCC_OPTIMIZATION_LEVEL = 0;
				GCC_PREPROCESSOR_DEFINITIONS = (
					"DEBUG=1",
					"$(inherited)",
				);
				GCC_WARN_64_TO_32_BIT_CONVERSION = YES;
				GCC_WARN_ABOUT_RETURN_TYPE = YES_ERROR;
				GCC_WARN_UNDECLARED_SELECTOR = YES;
				GCC_WARN_UNINITIALIZED_AUTOS = YES_AGGRESSIVE;
				GCC_WARN_UNUSED_FUNCTION = YES;
				GCC_WARN_UNUSED_VARIABLE = YES;
				IPHONEOS_DEPLOYMENT_TARGET = 12.0;
				MTL_ENABLE_DEBUG_INFO = INCLUDE_SOURCE;
				MTL_FAST_MATH = YES;
				ONLY_ACTIVE_ARCH = YES;
				SDKROOT = iphoneos;
				SWIFT_ACTIVE_COMPILATION_CONDITIONS = DEBUG;
				SWIFT_OPTIMIZATION_LEVEL = "-Onone";
			};
			name = Debug;
		};
		722F96102358709700040CFA /* Release */ = {
			isa = XCBuildConfiguration;
			buildSettings = {
				ALWAYS_SEARCH_USER_PATHS = NO;
				CLANG_ANALYZER_NONNULL = YES;
				CLANG_ANALYZER_NUMBER_OBJECT_CONVERSION = YES_AGGRESSIVE;
				CLANG_CXX_LANGUAGE_STANDARD = "gnu++14";
				CLANG_CXX_LIBRARY = "libc++";
				CLANG_ENABLE_MODULES = YES;
				CLANG_ENABLE_OBJC_ARC = YES;
				CLANG_ENABLE_OBJC_WEAK = YES;
				CLANG_WARN_BLOCK_CAPTURE_AUTORELEASING = YES;
				CLANG_WARN_BOOL_CONVERSION = YES;
				CLANG_WARN_COMMA = YES;
				CLANG_WARN_CONSTANT_CONVERSION = YES;
				CLANG_WARN_DEPRECATED_OBJC_IMPLEMENTATIONS = YES;
				CLANG_WARN_DIRECT_OBJC_ISA_USAGE = YES_ERROR;
				CLANG_WARN_DOCUMENTATION_COMMENTS = YES;
				CLANG_WARN_EMPTY_BODY = YES;
				CLANG_WARN_ENUM_CONVERSION = YES;
				CLANG_WARN_INFINITE_RECURSION = YES;
				CLANG_WARN_INT_CONVERSION = YES;
				CLANG_WARN_NON_LITERAL_NULL_CONVERSION = YES;
				CLANG_WARN_OBJC_IMPLICIT_RETAIN_SELF = YES;
				CLANG_WARN_OBJC_LITERAL_CONVERSION = YES;
				CLANG_WARN_OBJC_ROOT_CLASS = YES_ERROR;
				CLANG_WARN_RANGE_LOOP_ANALYSIS = YES;
				CLANG_WARN_STRICT_PROTOTYPES = YES;
				CLANG_WARN_SUSPICIOUS_MOVE = YES;
				CLANG_WARN_UNGUARDED_AVAILABILITY = YES_AGGRESSIVE;
				CLANG_WARN_UNREACHABLE_CODE = YES;
				CLANG_WARN__DUPLICATE_METHOD_MATCH = YES;
				CODE_SIGN_IDENTITY = "iPhone Developer";
				COPY_PHASE_STRIP = NO;
				DEBUG_INFORMATION_FORMAT = "dwarf-with-dsym";
				ENABLE_NS_ASSERTIONS = NO;
				ENABLE_STRICT_OBJC_MSGSEND = YES;
				GCC_C_LANGUAGE_STANDARD = gnu11;
				GCC_NO_COMMON_BLOCKS = YES;
				GCC_WARN_64_TO_32_BIT_CONVERSION = YES;
				GCC_WARN_ABOUT_RETURN_TYPE = YES_ERROR;
				GCC_WARN_UNDECLARED_SELECTOR = YES;
				GCC_WARN_UNINITIALIZED_AUTOS = YES_AGGRESSIVE;
				GCC_WARN_UNUSED_FUNCTION = YES;
				GCC_WARN_UNUSED_VARIABLE = YES;
				IPHONEOS_DEPLOYMENT_TARGET = 12.0;
				MTL_ENABLE_DEBUG_INFO = NO;
				MTL_FAST_MATH = YES;
				SDKROOT = iphoneos;
				SWIFT_COMPILATION_MODE = wholemodule;
				SWIFT_OPTIMIZATION_LEVEL = "-O";
				VALIDATE_PRODUCT = YES;
			};
			name = Release;
		};
		722F96122358709700040CFA /* Debug */ = {
			isa = XCBuildConfiguration;
			baseConfigurationReference = 93D3EA0D4078677E547D916A /* Pods-GitHubRepos.debug.xcconfig */;
			buildSettings = {
				ASSETCATALOG_COMPILER_APPICON_NAME = AppIcon;
				CODE_SIGN_STYLE = Automatic;
				DEVELOPMENT_TEAM = 74644YBP8K;
				INFOPLIST_FILE = GitHubRepos/Info.plist;
				LD_RUNPATH_SEARCH_PATHS = (
					"$(inherited)",
					"@executable_path/Frameworks",
				);
				PRODUCT_BUNDLE_IDENTIFIER = pedrohenrique.GitHubRepos;
				PRODUCT_NAME = "$(TARGET_NAME)";
				SWIFT_VERSION = 4.2;
				TARGETED_DEVICE_FAMILY = "1,2";
			};
			name = Debug;
		};
		722F96132358709700040CFA /* Release */ = {
			isa = XCBuildConfiguration;
			baseConfigurationReference = 376EE09DE97833F2C62DA67C /* Pods-GitHubRepos.release.xcconfig */;
			buildSettings = {
				ASSETCATALOG_COMPILER_APPICON_NAME = AppIcon;
				CODE_SIGN_STYLE = Automatic;
				DEVELOPMENT_TEAM = 74644YBP8K;
				INFOPLIST_FILE = GitHubRepos/Info.plist;
				LD_RUNPATH_SEARCH_PATHS = (
					"$(inherited)",
					"@executable_path/Frameworks",
				);
				PRODUCT_BUNDLE_IDENTIFIER = pedrohenrique.GitHubRepos;
				PRODUCT_NAME = "$(TARGET_NAME)";
				SWIFT_VERSION = 4.2;
				TARGETED_DEVICE_FAMILY = "1,2";
			};
			name = Release;
		};
		722F96152358709700040CFA /* Debug */ = {
			isa = XCBuildConfiguration;
			baseConfigurationReference = 0F51E02781FB87AE26681DEF /* Pods-GitHubReposTests.debug.xcconfig */;
			buildSettings = {
				ALWAYS_EMBED_SWIFT_STANDARD_LIBRARIES = YES;
				BUNDLE_LOADER = "$(TEST_HOST)";
				CODE_SIGN_STYLE = Automatic;
				DEVELOPMENT_TEAM = CWM36AT76J;
				INFOPLIST_FILE = GitHubReposTests/Info.plist;
				LD_RUNPATH_SEARCH_PATHS = (
					"$(inherited)",
					"@executable_path/Frameworks",
					"@loader_path/Frameworks",
				);
				PRODUCT_BUNDLE_IDENTIFIER = pedrohenrique.GitHubReposTests;
				PRODUCT_NAME = "$(TARGET_NAME)";
				SWIFT_VERSION = 4.2;
				TARGETED_DEVICE_FAMILY = "1,2";
				TEST_HOST = "$(BUILT_PRODUCTS_DIR)/GitHubRepos.app/GitHubRepos";
			};
			name = Debug;
		};
		722F96162358709700040CFA /* Release */ = {
			isa = XCBuildConfiguration;
			baseConfigurationReference = 1DC4957B83004CF93628FF7B /* Pods-GitHubReposTests.release.xcconfig */;
			buildSettings = {
				ALWAYS_EMBED_SWIFT_STANDARD_LIBRARIES = YES;
				BUNDLE_LOADER = "$(TEST_HOST)";
				CODE_SIGN_STYLE = Automatic;
				DEVELOPMENT_TEAM = CWM36AT76J;
				INFOPLIST_FILE = GitHubReposTests/Info.plist;
				LD_RUNPATH_SEARCH_PATHS = (
					"$(inherited)",
					"@executable_path/Frameworks",
					"@loader_path/Frameworks",
				);
				PRODUCT_BUNDLE_IDENTIFIER = pedrohenrique.GitHubReposTests;
				PRODUCT_NAME = "$(TARGET_NAME)";
				SWIFT_VERSION = 4.2;
				TARGETED_DEVICE_FAMILY = "1,2";
				TEST_HOST = "$(BUILT_PRODUCTS_DIR)/GitHubRepos.app/GitHubRepos";
			};
			name = Release;
		};
		722F96182358709700040CFA /* Debug */ = {
			isa = XCBuildConfiguration;
			baseConfigurationReference = 7DF35E5316D50C7135FE1B1B /* Pods-GitHubRepos-GitHubReposUITests.debug.xcconfig */;
			buildSettings = {
				ALWAYS_EMBED_SWIFT_STANDARD_LIBRARIES = YES;
				CODE_SIGN_STYLE = Automatic;
				DEVELOPMENT_TEAM = CWM36AT76J;
				INFOPLIST_FILE = GitHubReposUITests/Info.plist;
				LD_RUNPATH_SEARCH_PATHS = (
					"$(inherited)",
					"@executable_path/Frameworks",
					"@loader_path/Frameworks",
				);
				PRODUCT_BUNDLE_IDENTIFIER = pedrohenrique.GitHubReposUITests;
				PRODUCT_NAME = "$(TARGET_NAME)";
				SWIFT_VERSION = 4.2;
				TARGETED_DEVICE_FAMILY = "1,2";
				TEST_TARGET_NAME = GitHubRepos;
			};
			name = Debug;
		};
		722F96192358709700040CFA /* Release */ = {
			isa = XCBuildConfiguration;
			baseConfigurationReference = 7C4A9950F6BEF84AFBA4C588 /* Pods-GitHubRepos-GitHubReposUITests.release.xcconfig */;
			buildSettings = {
				ALWAYS_EMBED_SWIFT_STANDARD_LIBRARIES = YES;
				CODE_SIGN_STYLE = Automatic;
				DEVELOPMENT_TEAM = CWM36AT76J;
				INFOPLIST_FILE = GitHubReposUITests/Info.plist;
				LD_RUNPATH_SEARCH_PATHS = (
					"$(inherited)",
					"@executable_path/Frameworks",
					"@loader_path/Frameworks",
				);
				PRODUCT_BUNDLE_IDENTIFIER = pedrohenrique.GitHubReposUITests;
				PRODUCT_NAME = "$(TARGET_NAME)";
				SWIFT_VERSION = 4.2;
				TARGETED_DEVICE_FAMILY = "1,2";
				TEST_TARGET_NAME = GitHubRepos;
			};
			name = Release;
		};
/* End XCBuildConfiguration section */

/* Begin XCConfigurationList section */
		722F95E42358709400040CFA /* Build configuration list for PBXProject "GitHubRepos" */ = {
			isa = XCConfigurationList;
			buildConfigurations = (
				722F960F2358709700040CFA /* Debug */,
				722F96102358709700040CFA /* Release */,
			);
			defaultConfigurationIsVisible = 0;
			defaultConfigurationName = Release;
		};
		722F96112358709700040CFA /* Build configuration list for PBXNativeTarget "GitHubRepos" */ = {
			isa = XCConfigurationList;
			buildConfigurations = (
				722F96122358709700040CFA /* Debug */,
				722F96132358709700040CFA /* Release */,
			);
			defaultConfigurationIsVisible = 0;
			defaultConfigurationName = Release;
		};
		722F96142358709700040CFA /* Build configuration list for PBXNativeTarget "GitHubReposTests" */ = {
			isa = XCConfigurationList;
			buildConfigurations = (
				722F96152358709700040CFA /* Debug */,
				722F96162358709700040CFA /* Release */,
			);
			defaultConfigurationIsVisible = 0;
			defaultConfigurationName = Release;
		};
		722F96172358709700040CFA /* Build configuration list for PBXNativeTarget "GitHubReposUITests" */ = {
			isa = XCConfigurationList;
			buildConfigurations = (
				722F96182358709700040CFA /* Debug */,
				722F96192358709700040CFA /* Release */,
			);
			defaultConfigurationIsVisible = 0;
			defaultConfigurationName = Release;
		};
/* End XCConfigurationList section */
	};
	rootObject = 722F95E12358709400040CFA /* Project object */;
}
